
Microsoft Visual Studio Solution File, Format Version 12.00
# Visual Studio 15
VisualStudioVersion = 15.0.27428.2015
MinimumVisualStudioVersion = 10.0.40219.1
Project("{FAE04EC0-301F-11D3-BF4B-00C04F79EFBC}") = "CryptoChallenge", "CryptoChallenge\CryptoChallenge.csproj", "{9DEB3033-5233-437F-9C86-C3C6BA6DD247}"
EndProject
Global
	GlobalSection(SolutionConfigurationPlatforms) = preSolution
		Debug|Any CPU = Debug|Any CPU
		Release|Any CPU = Release|Any CPU
	EndGlobalSection
	GlobalSection(ProjectConfigurationPlatforms) = postSolution
		{9DEB3033-5233-437F-9C86-C3C6BA6DD247}.Debug|Any CPU.ActiveCfg = Debug|Any CPU
		{9DEB3033-5233-437F-9C86-C3C6BA6DD247}.Debug|Any CPU.Build.0 = Debug|Any CPU
		{9DEB3033-5233-437F-9C86-C3C6BA6DD247}.Release|Any CPU.ActiveCfg = Release|Any CPU
		{9DEB3033-5233-437F-9C86-C3C6BA6DD247}.Release|Any CPU.Build.0 = Release|Any CPU
	EndGlobalSection
	GlobalSection(SolutionProperties) = preSolution
		HideSolutionNode = FALSE
	EndGlobalSection
	GlobalSection(ExtensibilityGlobals) = postSolution
		SolutionGuid = {4A8297CF-D2C7-4E73-9063-6161C7EF72D9}
	EndGlobalSection
EndGlobal
